lockfileVersion: '9.0'

settings:
  autoInstallPeers: true
  excludeLinksFromLockfile: false

importers:
  .:
    devDependencies:
      lefthook:
        specifier: ^1.11.6
        version: 1.13.6
      oxlint:
        specifier: ^0.16.4
        version: 0.16.12
      prettier:
        specifier: ^3.5.3
        version: 3.8.1

packages:
  '@oxlint/darwin-arm64@0.16.12':
    resolution:
      {
        integrity: sha512-G7phYhlIA4ke2nW7tHLl+E5+rvdzgGA6830D+e+y1RGllT0w2ONGdKcVTj+2pXGCw6yPmCC5fDsDEn2+RPTfxg==,
      }
    cpu: [arm64]
    os: [darwin]

  '@oxlint/darwin-x64@0.16.12':
    resolution:
      {
        integrity: sha512-P/LSOgJ6SzQ3OKEIf3HsebgokZiZ5nDuTgIL4LpNCHlkOLDu/fT8XL9pSkR5y+60v0SOxUF/+aN0Q8EmxblrCw==,
      }
    cpu: [x64]
    os: [darwin]

  '@oxlint/linux-arm64-gnu@0.16.12':
    resolution:
      {
        integrity: sha512-0N/ZsW+cL7ZAUvOHbzMp3iApt5b/Q81q2e9RgEzkI6gUDCJK8/blWg0se/i6y9e24WH0ZC4bcxY1+Qz4ZQ+mFw==,
      }
    cpu: [arm64]
    os: [linux]
    libc: [glibc]

  '@oxlint/linux-arm64-musl@0.16.12':
    resolution:
      {
        integrity: sha512-MoG1SIw4RGowsOsPjm5HjRWymisRZWBea7ewMoXA5xIVQ3eqECifG0KJW0OZp96Ad8DFBEavdlNuImB2uXsMwg==,
      }
    cpu: [arm64]
    os: [linux]
    libc: [musl]

  '@oxlint/linux-x64-gnu@0.16.12':
    resolution:
      {
        integrity: sha512-STho8QdMLfn/0lqRU94tGPaYX8lGJccPbqeUcEr3eK5gZ5ZBdXmiHlvkcngXFEXksYC8/5VoJN7Vf3HsmkEskw==,
      }
    cpu: [x64]
    os: [linux]
    libc: [glibc]

  '@oxlint/linux-x64-musl@0.16.12':
    resolution:
      {
        integrity: sha512-i7pzSoj9nCg/ZzOe8dCZeFWyRRWDylR9tIX04xRTq3G6PBLm6i9VrOdEkxbgM9+pCkRzUc0a9D7rbtCF34TQUA==,
      }
    cpu: [x64]
    os: [linux]
    libc: [musl]

  '@oxlint/win32-arm64@0.16.12':
    resolution:
      {
        integrity: sha512-wcxq3IBJ7ZlONlXJxQM+7EMx+LX1nkz3ZS3R0EtDM76EOZaqe8BMkW5cXVhF8jarZTZC18oKAckW4Ng9d8adBg==,
      }
    cpu: [arm64]
    os: [win32]

  '@oxlint/win32-x64@0.16.12':
    resolution:
      {
        integrity: sha512-Ae1fx7wmAcMVqzS8rLINaFRpAdh29QzHh133bEYMHzfWBYyK/hLu9g4GLwC/lEIVQu9884b8qutGfdOk6Qia3w==,
      }
    cpu: [x64]
    os: [win32]

  lefthook-darwin-arm64@1.13.6:
    resolution:
      {
        integrity: sha512-m6Lb77VGc84/Qo21Lhq576pEvcgFCnvloEiP02HbAHcIXD0RTLy9u2yAInrixqZeaz13HYtdDaI7OBYAAdVt8A==,
      }
    cpu: [arm64]
    os: [darwin]

  lefthook-darwin-x64@1.13.6:
    resolution:
      {
        integrity: sha512-CoRpdzanu9RK3oXR1vbEJA5LN7iB+c7hP+sONeQJzoOXuq4PNKVtEaN84Gl1BrVtCNLHWFAvCQaZPPiiXSy8qg==,
      }
    cpu: [x64]
    os: [darwin]

  lefthook-freebsd-arm64@1.13.6:
    resolution:
      {
        integrity: sha512-X4A7yfvAJ68CoHTqP+XvQzdKbyd935sYy0bQT6Ajz7FL1g7hFiro8dqHSdPdkwei9hs8hXeV7feyTXbYmfjKQQ==,
      }
    cpu: [arm64]
    os: [freebsd]

  lefthook-freebsd-x64@1.13.6:
    resolution:
      {
        integrity: sha512-ai2m+Sj2kGdY46USfBrCqLKe9GYhzeq01nuyDYCrdGISePeZ6udOlD1k3lQKJGQCHb0bRz4St0r5nKDSh1x/2A==,
      }
    cpu: [x64]
    os: [freebsd]

  lefthook-linux-arm64@1.13.6:
    resolution:
      {
        integrity: sha512-cbo4Wtdq81GTABvikLORJsAWPKAJXE8Q5RXsICFUVznh5PHigS9dFW/4NXywo0+jfFPCT6SYds2zz4tCx6DA0Q==,
      }
    cpu: [arm64]
    os: [linux]

  lefthook-linux-x64@1.13.6:
    resolution:
      {
        integrity: sha512-uJl9vjCIIBTBvMZkemxCE+3zrZHlRO7Oc+nZJ+o9Oea3fu+W82jwX7a7clw8jqNfaeBS+8+ZEQgiMHWCloTsGw==,
      }
    cpu: [x64]
    os: [linux]

  lefthook-openbsd-arm64@1.13.6:
    resolution:
      {
        integrity: sha512-7r153dxrNRQ9ytRs2PmGKKkYdvZYFPre7My7XToSTiRu5jNCq++++eAKVkoyWPduk97dGIA+YWiEr5Noe0TK2A==,
      }
    cpu: [arm64]
    os: [openbsd]

  lefthook-openbsd-x64@1.13.6:
    resolution:
      {
        integrity: sha512-Z+UhLlcg1xrXOidK3aLLpgH7KrwNyWYE3yb7ITYnzJSEV8qXnePtVu8lvMBHs/myzemjBzeIr/U/+ipjclR06g==,
      }
    cpu: [x64]
    os: [openbsd]

  lefthook-windows-arm64@1.13.6:
    resolution:
      {
        integrity: sha512-Uxef6qoDxCmUNQwk8eBvddYJKSBFglfwAY9Y9+NnnmiHpWTjjYiObE9gT2mvGVpEgZRJVAatBXc+Ha5oDD/OgQ==,
      }
    cpu: [arm64]
    os: [win32]

  lefthook-windows-x64@1.13.6:
    resolution:
      {
        integrity: sha512-mOZoM3FQh3o08M8PQ/b3IYuL5oo36D9ehczIw1dAgp1Ly+Tr4fJ96A+4SEJrQuYeRD4mex9bR7Ps56I73sBSZA==,
      }
    cpu: [x64]
    os: [win32]

  lefthook@1.13.6:
    resolution:
      {
        integrity: sha512-ojj4/4IJ29Xn4drd5emqVgilegAPN3Kf0FQM2p/9+lwSTpU+SZ1v4Ig++NF+9MOa99UKY8bElmVrLhnUUNFh5g==,
      }
    hasBin: true

  oxlint@0.16.12:
    resolution:
      {
        integrity: sha512-1oN3P9bzE90zkbjLTc+uICVLwSR+eQaDaYVipS0BtmtmEd3ccQue0y7npCinb35YqKzIv1LZxhoU9nm5fgmQuw==,
      }
    engines: { node: '>=8.*' }
    hasBin: true

  prettier@3.8.1:
    resolution:
      {
        integrity: sha512-UOnG6LftzbdaHZcKoPFtOcCKztrQ57WkHDeRD9t/PTQtmT0NHSeWWepj6pS0z/N7+08BHFDQVUrfmfMRcZwbMg==,
      }
    engines: { node: '>=14' }
    hasBin: true

snapshots:
  '@oxlint/darwin-arm64@0.16.12':
    optional: true

  '@oxlint/darwin-x64@0.16.12':
    optional: true

  '@oxlint/linux-arm64-gnu@0.16.12':
    optional: true

  '@oxlint/linux-arm64-musl@0.16.12':
    optional: true

  '@oxlint/linux-x64-gnu@0.16.12':
    optional: true

  '@oxlint/linux-x64-musl@0.16.12':
    optional: true

  '@oxlint/win32-arm64@0.16.12':
    optional: true

  '@oxlint/win32-x64@0.16.12':
    optional: true

  lefthook-darwin-arm64@1.13.6:
    optional: true

  lefthook-darwin-x64@1.13.6:
    optional: true

  lefthook-freebsd-arm64@1.13.6:
    optional: true

  lefthook-freebsd-x64@1.13.6:
    optional: true

  lefthook-linux-arm64@1.13.6:
    optional: true

  lefthook-linux-x64@1.13.6:
    optional: true

  lefthook-openbsd-arm64@1.13.6:
    optional: true

  lefthook-openbsd-x64@1.13.6:
    optional: true

  lefthook-windows-arm64@1.13.6:
    optional: true

  lefthook-windows-x64@1.13.6:
    optional: true

  lefthook@1.13.6:
    optionalDependencies:
      lefthook-darwin-arm64: 1.13.6
      lefthook-darwin-x64: 1.13.6
      lefthook-freebsd-arm64: 1.13.6
      lefthook-freebsd-x64: 1.13.6
      lefthook-linux-arm64: 1.13.6
      lefthook-linux-x64: 1.13.6
      lefthook-openbsd-arm64: 1.13.6
      lefthook-openbsd-x64: 1.13.6
      lefthook-windows-arm64: 1.13.6
      lefthook-windows-x64: 1.13.6

  oxlint@0.16.12:
    optionalDependencies:
      '@oxlint/darwin-arm64': 0.16.12
      '@oxlint/darwin-x64': 0.16.12
      '@oxlint/linux-arm64-gnu': 0.16.12
      '@oxlint/linux-arm64-musl': 0.16.12
      '@oxlint/linux-x64-gnu': 0.16.12
      '@oxlint/linux-x64-musl': 0.16.12
      '@oxlint/win32-arm64': 0.16.12
      '@oxlint/win32-x64': 0.16.12

  prettier@3.8.1: {}
